// !$*UTF8*$!
{
	archiveVersion = 1;
	classes = {
	};
	objectVersion = 46;
	objects = {

/* Begin PBXBuildFile section */
		3F54C17F1CAC3A2C0061A93B /* ConfirmarPizza.swift in Sources */ = {isa = PBXBuildFile; fileRef = 3F54C17E1CAC3A2C0061A93B /* ConfirmarPizza.swift */; };
		3FA297881CAB44B4004D4D92 /* AppDelegate.swift in Sources */ = {isa = PBXBuildFile; fileRef = 3FA297871CAB44B4004D4D92 /* AppDelegate.swift */; };
		3FA2978A1CAB44B4004D4D92 /* ViewController.swift in Sources */ = {isa = PBXBuildFile; fileRef = 3FA297891CAB44B4004D4D92 /* ViewController.swift */; };
		3FA2978D1CAB44B4004D4D92 /* Main.storyboard in Resources */ = {isa = PBXBuildFile; fileRef = 3FA2978B1CAB44B4004D4D92 /* Main.storyboard */; };
		3FA2978F1CAB44B4004D4D92 /* Assets.xcassets in Resources */ = {isa = PBXBuildFile; fileRef = 3FA2978E1CAB44B4004D4D92 /* Assets.xcassets */; };
		3FA297921CAB44B4004D4D92 /* LaunchScreen.storyboard in Resources */ = {isa = PBXBuildFile; fileRef = 3FA297901CAB44B4004D4D92 /* LaunchScreen.storyboard */; };
		3FA2979A1CAB45D7004D4D92 /* Pizza.swift in Sources */ = {isa = PBXBuildFile; fileRef = 3FA297991CAB45D7004D4D92 /* Pizza.swift */; };
		3FA2979C1CAB46D7004D4D92 /* TamanoDePizza.swift in Sources */ = {isa = PBXBuildFile; fileRef = 3FA2979B1CAB46D7004D4D92 /* TamanoDePizza.swift */; };
		3FA2979E1CAB4DD8004D4D92 /* MasaDePizza.swift in Sources */ = {isa = PBXBuildFile; fileRef = 3FA2979D1CAB4DD8004D4D92 /* MasaDePizza.swift */; };
		3FA297A01CAB55B1004D4D92 /* QuesoDePizza.swift in Sources */ = {isa = PBXBuildFile; fileRef = 3FA2979F1CAB55B1004D4D92 /* QuesoDePizza.swift */; };
		3FA297A21CAB58E2004D4D92 /* IngredientesDePizza.swift in Sources */ = {isa = PBXBuildFile; fileRef = 3FA297A11CAB58E2004D4D92 /* IngredientesDePizza.swift */; };
/* End PBXBuildFile section */

/* Begin PBXFileReference section */
		3F54C17E1CAC3A2C0061A93B /* ConfirmarPizza.swift */ = {isa = PBXFileReference; fileEncoding = 4; lastKnownFileType = sourcecode.swift; path = ConfirmarPizza.swift; sourceTree = "<group>"; };
		3FA297841CAB44B4004D4D92 /* PreparadorDePizzas.app */ = {isa = PBXFileReference; explicitFileType = wrapper.application; includeInIndex = 0; path = PreparadorDePizzas.app; sourceTree = BUILT_PRODUCTS_DIR; };
		3FA297871CAB44B4004D4D92 /* AppDelegate.swift */ = {isa = PBXFileReference; lastKnownFileType = sourcecode.swift; path = AppDelegate.swift; sourceTree = "<group>"; };
		3FA297891CAB44B4004D4D92 /* ViewController.swift */ = {isa = PBXFileReference; lastKnownFileType = sourcecode.swift; path = ViewController.swift; sourceTree = "<group>"; };
		3FA2978C1CAB44B4004D4D92 /* Base */ = {isa = PBXFileReference; lastKnownFileType = file.storyboard; name = Base; path = Base.lproj/Main.storyboard; sourceTree = "<group>"; };
		3FA2978E1CAB44B4004D4D92 /* Assets.xcassets */ = {isa = PBXFileReference; lastKnownFileType = folder.assetcatalog; path = Assets.xcassets; sourceTree = "<group>"; };
		3FA297911CAB44B4004D4D92 /* Base */ = {isa = PBXFileReference; lastKnownFileType = file.storyboard; name = Base; path = Base.lproj/LaunchScreen.storyboard; sourceTree = "<group>"; };
		3FA297931CAB44B4004D4D92 /* Info.plist */ = {isa = PBXFileReference; lastKnownFileType = text.plist.xml; path = Info.plist; sourceTree = "<group>"; };
		3FA297991CAB45D7004D4D92 /* Pizza.swift */ = {isa = PBXFileReference; fileEncoding = 4; lastKnownFileType = sourcecode.swift; path = Pizza.swift; sourceTree = "<group>"; };
		3FA2979B1CAB46D7004D4D92 /* TamanoDePizza.swift */ = {isa = PBXFileReference; fileEncoding = 4; lastKnownFileType = sourcecode.swift; path = TamanoDePizza.swift; sourceTree = "<group>"; };
		3FA2979D1CAB4DD8004D4D92 /* MasaDePizza.swift */ = {isa = PBXFileReference; fileEncoding = 4; lastKnownFileType = sourcecode.swift; path = MasaDePizza.swift; sourceTree = "<group>"; };
		3FA2979F1CAB55B1004D4D92 /* QuesoDePizza.swift */ = {isa = PBXFileReference; fileEncoding = 4; lastKnownFileType = sourcecode.swift; path = QuesoDePizza.swift; sourceTree = "<group>"; };
		3FA297A11CAB58E2004D4D92 /* IngredientesDePizza.swift */ = {isa = PBXFileReference; fileEncoding = 4; lastKnownFileType = sourcecode.swift; path = IngredientesDePizza.swift; sourceTree = "<group>"; };
/* End PBXFileReference section */

/* Begin PBXFrameworksBuildPhase section */
		3FA297811CAB44B4004D4D92 /* Frameworks */ = {
			isa = PBXFrameworksBuildPhase;
			buildActionMask = 2147483647;
			files = (
			);
			runOnlyForDeploymentPostprocessing = 0;
		};
/* End PBXFrameworksBuildPhase section */

/* Begin PBXGroup section */
		3FA2977B1CAB44B4004D4D92 = {
			isa = PBXGroup;
			children = (
				3FA297861CAB44B4004D4D92 /* PreparadorDePizzas */,
				3FA297851CAB44B4004D4D92 /* Products */,
			);
			sourceTree = "<group>";
		};
		3FA297851CAB44B4004D4D92 /* Products */ = {
			isa = PBXGroup;
			children = (
				3FA297841CAB44B4004D4D92 /* PreparadorDePizzas.app */,
			);
			name = Products;
			sourceTree = "<group>";
		};
		3FA297861CAB44B4004D4D92 /* PreparadorDePizzas */ = {
			isa = PBXGroup;
			children = (
				3FA297871CAB44B4004D4D92 /* AppDelegate.swift */,
				3FA297891CAB44B4004D4D92 /* ViewController.swift */,
				3FA2978B1CAB44B4004D4D92 /* Main.storyboard */,
				3FA2978E1CAB44B4004D4D92 /* Assets.xcassets */,
				3FA297901CAB44B4004D4D92 /* LaunchScreen.storyboard */,
				3FA297931CAB44B4004D4D92 /* Info.plist */,
				3FA297991CAB45D7004D4D92 /* Pizza.swift */,
				3FA2979B1CAB46D7004D4D92 /* TamanoDePizza.swift */,
				3FA2979D1CAB4DD8004D4D92 /* MasaDePizza.swift */,
				3FA2979F1CAB55B1004D4D92 /* QuesoDePizza.swift */,
				3FA297A11CAB58E2004D4D92 /* IngredientesDePizza.swift */,
				3F54C17E1CAC3A2C0061A93B /* ConfirmarPizza.swift */,
			);
			path = PreparadorDePizzas;
			sourceTree = "<group>";
		};
/* End PBXGroup section */

/* Begin PBXNativeTarget section */
		3FA297831CAB44B4004D4D92 /* PreparadorDePizzas */ = {
			isa = PBXNativeTarget;
			buildConfigurationList = 3FA297961CAB44B4004D4D92 /* Build configuration list for PBXNativeTarget "PreparadorDePizzas" */;
			buildPhases = (
				3FA297801CAB44B4004D4D92 /* Sources */,
				3FA297811CAB44B4004D4D92 /* Frameworks */,
				3FA297821CAB44B4004D4D92 /* Resources */,
			);
			buildRules = (
			);
			dependencies = (
			);
			name = PreparadorDePizzas;
			productName = PreparadorDePizzas;
			productReference = 3FA297841CAB44B4004D4D92 /* PreparadorDePizzas.app */;
			productType = "com.apple.product-type.application";
		};
/* End PBXNativeTarget section */

/* Begin PBXProject section */
		3FA2977C1CAB44B4004D4D92 /* Project object */ = {
			isa = PBXProject;
			attributes = {
				LastSwiftUpdateCheck = 0730;
				LastUpgradeCheck = 0730;
				ORGANIZATIONNAME = "Guillermo Asencio Sanchez";
				TargetAttributes = {
					3FA297831CAB44B4004D4D92 = {
						CreatedOnToolsVersion = 7.3;
						DevelopmentTeam = UJY2XMDH39;
					};
				};
			};
			buildConfigurationList = 3FA2977F1CAB44B4004D4D92 /* Build configuration list for PBXProject "PreparadorDePizzas" */;
			compatibilityVersion = "Xcode 3.2";
			developmentRegion = English;
			hasScannedForEncodings = 0;
			knownRegions = (
				en,
				Base,
			);
			mainGroup = 3FA2977B1CAB44B4004D4D92;
			productRefGroup = 3FA297851CAB44B4004D4D92 /* Products */;
			projectDirPath = "";
			projectRoot = "";
			targets = (
				3FA297831CAB44B4004D4D92 /* PreparadorDePizzas */,
			);
		};
/* End PBXProject section */

/* Begin PBXResourcesBuildPhase section */
		3FA297821CAB44B4004D4D92 /* Resources */ = {
			isa = PBXResourcesBuildPhase;
			buildActionMask = 2147483647;
			files = (
				3FA297921CAB44B4004D4D92 /* LaunchScreen.storyboard in Resources */,
				3FA2978F1CAB44B4004D4D92 /* Assets.xcassets in Resources */,
				3FA2978D1CAB44B4004D4D92 /* Main.storyboard in Resources */,
			);
			runOnlyForDeploymentPostprocessing = 0;
		};
/* End PBXResourcesBuildPhase section */

/* Begin PBXSourcesBuildPhase section */
		3FA297801CAB44B4004D4D92 /* Sources */ = {
			isa = PBXSourcesBuildPhase;
			buildActionMask = 2147483647;
			files = (
				3FA2979E1CAB4DD8004D4D92 /* MasaDePizza.swift in Sources */,
				3FA2978A1CAB44B4004D4D92 /* ViewController.swift in Sources */,
				3FA297A21CAB58E2004D4D92 /* IngredientesDePizza.swift in Sources */,
				3FA2979C1CAB46D7004D4D92 /* TamanoDePizza.swift in Sources */,
				3FA297A01CAB55B1004D4D92 /* QuesoDePizza.swift in Sources */,
				3FA297881CAB44B4004D4D92 /* AppDelegate.swift in Sources */,
				3F54C17F1CAC3A2C0061A93B /* ConfirmarPizza.swift in Sources */,
				3FA2979A1CAB45D7004D4D92 /* Pizza.swift in Sources */,
			);
			runOnlyForDeploymentPostprocessing = 0;
		};
/* End PBXSourcesBuildPhase section */

/* Begin PBXVariantGroup section */
		3FA2978B1CAB44B4004D4D92 /* Main.storyboard */ = {
			isa = PBXVariantGroup;
			children = (
				3FA2978C1CAB44B4004D4D92 /* Base */,
			);
			name = Main.storyboard;
			sourceTree = "<group>";
		};
		3FA297901CAB44B4004D4D92 /* LaunchScreen.storyboard */ = {
			isa = PBXVariantGroup;
			children = (
				3FA297911CAB44B4004D4D92 /* Base */,
			);
			name = LaunchScreen.storyboard;
			sourceTree = "<group>";
		};
/* End PBXVariantGroup section */

/* Begin XCBuildConfiguration section */
		3FA297941CAB44B4004D4D92 /* Debug */ = {
			isa = XCBuildConfiguration;
			buildSettings = {
				ALWAYS_SEARCH_USER_PATHS = NO;
				CLANG_ANALYZER_NONNULL = YES;
				CLANG_CXX_LANGUAGE_STANDARD = "gnu++0x";
				CLANG_CXX_LIBRARY = "libc++";
				CLANG_ENABLE_MODULES = YES;
				CLANG_ENABLE_OBJC_ARC = YES;
				CLANG_WARN_BOOL_CONVERSION = YES;
				CLANG_WARN_CONSTANT_CONVERSION = YES;
				CLANG_WARN_DIRECT_OBJC_ISA_USAGE = YES_ERROR;
				CLANG_WARN_EMPTY_BODY = YES;
				CLANG_WARN_ENUM_CONVERSION = YES;
				CLANG_WARN_INT_CONVERSION = YES;
				CLANG_WARN_OBJC_ROOT_CLASS = YES_ERROR;
				CLANG_WARN_UNREACHABLE_CODE = YES;
				CLANG_WARN__DUPLICATE_METHOD_MATCH = YES;
				"CODE_SIGN_IDENTITY[sdk=iphoneos*]" = "iPhone Developer";
				COPY_PHASE_STRIP = NO;
				DEBUG_INFORMATION_FORMAT = dwarf;
				ENABLE_STRICT_OBJC_MSGSEND = YES;
				ENABLE_TESTABILITY = YES;
				GCC_C_LANGUAGE_STANDARD = gnu99;
				GCC_DYNAMIC_NO_PIC = NO;
				GCC_NO_COMMON_BLOCKS = YES;
				GCC_OPTIMIZATION_LEVEL = 0;
				GCC_PREPROCESSOR_DEFINITIONS = (
					"DEBUG=1",
					"$(inherited)",
				);
				GCC_WARN_64_TO_32_BIT_CONVERSION = YES;
				GCC_WARN_ABOUT_RETURN_TYPE = YES_ERROR;
				GCC_WARN_UNDECLARED_SELECTOR = YES;
				GCC_WARN_UNINITIALIZED_AUTOS = YES_AGGRESSIVE;
				GCC_WARN_UNUSED_FUNCTION = YES;
				GCC_WARN_UNUSED_VARIABLE = YES;
				IPHONEOS_DEPLOYMENT_TARGET = 9.3;
				MTL_ENABLE_DEBUG_INFO = YES;
				ONLY_ACTIVE_ARCH = YES;
				SDKROOT = iphoneos;
				SWIFT_OPTIMIZATION_LEVEL = "-Onone";
				TARGETED_DEVICE_FAMILY = "1,2";
			};
			name = Debug;
		};
		3FA297951CAB44B4004D4D92 /* Release */ = {
			isa = XCBuildConfiguration;
			buildSettings = {
				ALWAYS_SEARCH_USER_PATHS = NO;
				CLANG_ANALYZER_NONNULL = YES;
				CLANG_CXX_LANGUAGE_STANDARD = "gnu++0x";
				CLANG_CXX_LIBRARY = "libc++";
				CLANG_ENABLE_MODULES = YES;
				CLANG_ENABLE_OBJC_ARC = YES;
				CLANG_WARN_BOOL_CONVERSION = YES;
				CLANG_WARN_CONSTANT_CONVERSION = YES;
				CLANG_WARN_DIRECT_OBJC_ISA_USAGE = YES_ERROR;
				CLANG_WARN_EMPTY_BODY = YES;
				CLANG_WARN_ENUM_CONVERSION = YES;
				CLANG_WARN_INT_CONVERSION = YES;
				CLANG_WARN_OBJC_ROOT_CLASS = YES_ERROR;
				CLANG_WARN_UNREACHABLE_CODE = YES;
				CLANG_WARN__DUPLICATE_METHOD_MATCH = YES;
				"CODE_SIGN_IDENTITY[sdk=iphoneos*]" = "iPhone Developer";
				COPY_PHASE_STRIP = NO;
				DEBUG_INFORMATION_FORMAT = "dwarf-with-dsym";
				ENABLE_NS_ASSERTIONS = NO;
				ENABLE_STRICT_OBJC_MSGSEND = YES;
				GCC_C_LANGUAGE_STANDARD = gnu99;
				GCC_NO_COMMON_BLOCKS = YES;
				GCC_WARN_64_TO_32_BIT_CONVERSION = YES;
				GCC_WARN_ABOUT_RETURN_TYPE = YES_ERROR;
				GCC_WARN_UNDECLARED_SELECTOR = YES;
				GCC_WARN_UNINITIALIZED_AUTOS = YES_AGGRESSIVE;
				GCC_WARN_UNUSED_FUNCTION = YES;
				GCC_WARN_UNUSED_VARIABLE = YES;
				IPHONEOS_DEPLOYMENT_TARGET = 9.3;
				MTL_ENABLE_DEBUG_INFO = NO;
				SDKROOT = iphoneos;
				TARGETED_DEVICE_FAMILY = "1,2";
				VALIDATE_PRODUCT = YES;
			};
			name = Release;
		};
		3FA297971CAB44B4004D4D92 /* Debug */ = {
			isa = XCBuildConfiguration;
			buildSettings = {
				ASSETCATALOG_COMPILER_APPICON_NAME = AppIcon;
				INFOPLIST_FILE = PreparadorDePizzas/Info.plist;
				LD_RUNPATH_SEARCH_PATHS = "$(inherited) @executable_path/Frameworks";
				PRODUCT_BUNDLE_IDENTIFIER = com.willassens.PreparadorDePizzas;
				PRODUCT_NAME = "$(TARGET_NAME)";
			};
			name = Debug;
		};
		3FA297981CAB44B4004D4D92 /* Release */ = {
			isa = XCBuildConfiguration;
			buildSettings = {
				ASSETCATALOG_COMPILER_APPICON_NAME = AppIcon;
				INFOPLIST_FILE = PreparadorDePizzas/Info.plist;
				LD_RUNPATH_SEARCH_PATHS = "$(inherited) @executable_path/Frameworks";
				PRODUCT_BUNDLE_IDENTIFIER = com.willassens.PreparadorDePizzas;
				PRODUCT_NAME = "$(TARGET_NAME)";
			};
			name = Release;
		};
/* End XCBuildConfiguration section */

/* Begin XCConfigurationList section */
		3FA2977F1CAB44B4004D4D92 /* Build configuration list for PBXProject "PreparadorDePizzas" */ = {
			isa = XCConfigurationList;
			buildConfigurations = (
				3FA297941CAB44B4004D4D92 /* Debug */,
				3FA297951CAB44B4004D4D92 /* Release */,
			);
			defaultConfigurationIsVisible = 0;
			defaultConfigurationName = Release;
		};
		3FA297961CAB44B4004D4D92 /* Build configuration list for PBXNativeTarget "PreparadorDePizzas" */ = {
			isa = XCConfigurationList;
			buildConfigurations = (
				3FA297971CAB44B4004D4D92 /* Debug */,
				3FA297981CAB44B4004D4D92 /* Release */,
			);
			defaultConfigurationIsVisible = 0;
			defaultConfigurationName = Release;
		};
/* End XCConfigurationList section */
	};
	rootObject = 3FA2977C1CAB44B4004D4D92 /* Project object */;
}
